// !$*UTF8*$!
{
	archiveVersion = 1;
	classes = {
	};
	objectVersion = 56;
	objects = {

/* Begin PBXBuildFile section */
		601CCC4D2A08D53F005B02C7 /* Date+.swift in Sources */ = {isa = PBXBuildFile; fileRef = 601CCC4C2A08D53F005B02C7 /* Date+.swift */; };
		6072D0E52A053E93005583FC /* Interview.swift in Sources */ = {isa = PBXBuildFile; fileRef = 6072D0E42A053E93005583FC /* Interview.swift */; };
		6072D0E72A0542E6005583FC /* InterviewRecordingEndTestView.swift in Sources */ = {isa = PBXBuildFile; fileRef = 6072D0E62A0542E6005583FC /* InterviewRecordingEndTestView.swift */; };
		6072D0F42A05E513005583FC /* InterviewDetail.swift in Sources */ = {isa = PBXBuildFile; fileRef = 6072D0F32A05E513005583FC /* InterviewDetail.swift */; };
		608D9D6C2A013AF0001E8E3C /* InterviewRecordingTestView.swift in Sources */ = {isa = PBXBuildFile; fileRef = 608D9D6B2A013AF0001E8E3C /* InterviewRecordingTestView.swift */; };
		608D9D702A014BEE001E8E3C /* VoiceViewModel.swift in Sources */ = {isa = PBXBuildFile; fileRef = 608D9D6F2A014BEE001E8E3C /* VoiceViewModel.swift */; };
		608D9D7D2A01F673001E8E3C /* InterviewDetailTestView.swift in Sources */ = {isa = PBXBuildFile; fileRef = 608D9D7C2A01F673001E8E3C /* InterviewDetailTestView.swift */; };
		608D9D7F2A022F5E001E8E3C /* MainTestView.swift in Sources */ = {isa = PBXBuildFile; fileRef = 608D9D7E2A022F5E001E8E3C /* MainTestView.swift */; };
		60D01A322A120EDC00CE3E0A /* UserDefaults+.swift in Sources */ = {isa = PBXBuildFile; fileRef = 60D01A312A120EDC00CE3E0A /* UserDefaults+.swift */; };
		60D579B02A0E17C60006D884 /* PermissionManager.swift in Sources */ = {isa = PBXBuildFile; fileRef = 60D579AF2A0E17C60006D884 /* PermissionManager.swift */; };
		60F0BC122A0E859600B6B539 /* InterviewRecordingScriptView.swift in Sources */ = {isa = PBXBuildFile; fileRef = 60F0BC112A0E859600B6B539 /* InterviewRecordingScriptView.swift */; };
		7E3286102A121524005843C7 /* InterviewListViewModel.swift in Sources */ = {isa = PBXBuildFile; fileRef = 7E32860F2A121524005843C7 /* InterviewListViewModel.swift */; };
		7E3286122A125888005843C7 /* Array+AppStorage.swift in Sources */ = {isa = PBXBuildFile; fileRef = 7E3286112A125888005843C7 /* Array+AppStorage.swift */; };
		7E392C792A0E092A00130338 /* InterviewBubbleManager.swift in Sources */ = {isa = PBXBuildFile; fileRef = 7E392C782A0E092A00130338 /* InterviewBubbleManager.swift */; };
		7E392C7B2A0E283C00130338 /* Array+SafeIndex.swift in Sources */ = {isa = PBXBuildFile; fileRef = 7E392C7A2A0E283C00130338 /* Array+SafeIndex.swift */; };
		7E3B3E5A2A0A0D6700DCA93A /* InterviewDetailView.swift in Sources */ = {isa = PBXBuildFile; fileRef = 7E3B3E592A0A0D6700DCA93A /* InterviewDetailView.swift */; };
		7E6E395D2A03A16C0073CDD0 /* InterviewDetailEditModalView.swift in Sources */ = {isa = PBXBuildFile; fileRef = 7E6E395C2A03A16C0073CDD0 /* InterviewDetailEditModalView.swift */; };
		7E6E395F2A03A28D0073CDD0 /* InterviewDetailChatEditModalView.swift in Sources */ = {isa = PBXBuildFile; fileRef = 7E6E395E2A03A28D0073CDD0 /* InterviewDetailChatEditModalView.swift */; };
		7E74F30B2A0CDB4700D03AF3 /* RoutingManager.swift in Sources */ = {isa = PBXBuildFile; fileRef = 7E74F30A2A0CDB4700D03AF3 /* RoutingManager.swift */; };
		7E7796AF2A14A8E00037610E /* InterviewListView.swift in Sources */ = {isa = PBXBuildFile; fileRef = 7E7796AE2A14A8E00037610E /* InterviewListView.swift */; };
		7EC865E72A0501810041B31A /* Constants.swift in Sources */ = {isa = PBXBuildFile; fileRef = 7EC865E62A0501810041B31A /* Constants.swift */; };
		7EC865EA2A05044C0041B31A /* View+DismissKeyboard.swift in Sources */ = {isa = PBXBuildFile; fileRef = 7EC865E92A05044C0041B31A /* View+DismissKeyboard.swift */; };
		7EC865EC2A050A2C0041B31A /* Color+.swift in Sources */ = {isa = PBXBuildFile; fileRef = 7EC865EB2A050A2C0041B31A /* Color+.swift */; };
		7EC9A2982A0A398A004D14A1 /* BlurBackground.swift in Sources */ = {isa = PBXBuildFile; fileRef = 7EC9A2972A0A398A004D14A1 /* BlurBackground.swift */; };
		7EDEB0BD2A011B4B00176D72 /* PressorApp.swift in Sources */ = {isa = PBXBuildFile; fileRef = 7EDEB0BC2A011B4B00176D72 /* PressorApp.swift */; };
		7EDEB0BF2A011B4B00176D72 /* ContentView.swift in Sources */ = {isa = PBXBuildFile; fileRef = 7EDEB0BE2A011B4B00176D72 /* ContentView.swift */; };
		7EDEB0C12A011B4C00176D72 /* Assets.xcassets in Resources */ = {isa = PBXBuildFile; fileRef = 7EDEB0C02A011B4C00176D72 /* Assets.xcassets */; };
		7EDEB0C42A011B4C00176D72 /* Preview Assets.xcassets in Resources */ = {isa = PBXBuildFile; fileRef = 7EDEB0C32A011B4C00176D72 /* Preview Assets.xcassets */; };
		7EDEB0D12A011DD100176D72 /* MainRecordView.swift in Sources */ = {isa = PBXBuildFile; fileRef = 7EDEB0D02A011DD100176D72 /* MainRecordView.swift */; };
		7EDEB0D32A011DE800176D72 /* AddRecordScriptModalView.swift in Sources */ = {isa = PBXBuildFile; fileRef = 7EDEB0D22A011DE800176D72 /* AddRecordScriptModalView.swift */; };
		7EDEB0D52A011DF600176D72 /* MainInterviewList.swift in Sources */ = {isa = PBXBuildFile; fileRef = 7EDEB0D42A011DF600176D72 /* MainInterviewList.swift */; };
		7EDEB0D72A011E0E00176D72 /* RecordBubble.swift in Sources */ = {isa = PBXBuildFile; fileRef = 7EDEB0D62A011E0E00176D72 /* RecordBubble.swift */; };
		7EDEB0D92A011E1500176D72 /* Record.swift in Sources */ = {isa = PBXBuildFile; fileRef = 7EDEB0D82A011E1500176D72 /* Record.swift */; };
		7EDEB0DB2A011E2A00176D72 /* RecordViewModel.swift in Sources */ = {isa = PBXBuildFile; fileRef = 7EDEB0DA2A011E2A00176D72 /* RecordViewModel.swift */; };
		7EF625AD2A1533B200D16214 /* ToggleStyle.swift in Sources */ = {isa = PBXBuildFile; fileRef = 7EF625AC2A1533B200D16214 /* ToggleStyle.swift */; };
		C9089BF02A0E7E9A00AE57DC /* AddScriptView.swift in Sources */ = {isa = PBXBuildFile; fileRef = C9089BEF2A0E7E9A00AE57DC /* AddScriptView.swift */; };
		C9089BF22A0E7EA500AE57DC /* EditScriptView.swift in Sources */ = {isa = PBXBuildFile; fileRef = C9089BF12A0E7EA500AE57DC /* EditScriptView.swift */; };
		C918E6E02A09CC720074BAF0 /* AddScriptModalView.swift in Sources */ = {isa = PBXBuildFile; fileRef = C918E6DF2A09CC720074BAF0 /* AddScriptModalView.swift */; };
		C91E4D312A0A545800E5F983 /* InterviewViewModel.swift in Sources */ = {isa = PBXBuildFile; fileRef = C91E4D302A0A545800E5F983 /* InterviewViewModel.swift */; };
		C91E4D332A0A8CAE00E5F983 /* InterviewScriptTestView.swift in Sources */ = {isa = PBXBuildFile; fileRef = C91E4D322A0A8CAE00E5F983 /* InterviewScriptTestView.swift */; };
		C91E4D392A0A979F00E5F983 /* EditInterviewScriptTestView.swift in Sources */ = {isa = PBXBuildFile; fileRef = C91E4D382A0A979F00E5F983 /* EditInterviewScriptTestView.swift */; };
		C91E4D3B2A0B746300E5F983 /* InterviewScriptModel.swift in Sources */ = {isa = PBXBuildFile; fileRef = C91E4D3A2A0B746300E5F983 /* InterviewScriptModel.swift */; };
		C9478BB92A0EA0100041604F /* CheckScriptView.swift in Sources */ = {isa = PBXBuildFile; fileRef = C9478BB82A0EA0100041604F /* CheckScriptView.swift */; };
		C957BB9F2A027D05006649A8 /* InterviewRecordingView.swift in Sources */ = {isa = PBXBuildFile; fileRef = C957BB9E2A027D05006649A8 /* InterviewRecordingView.swift */; };
		C957BBA12A028DDC006649A8 /* AudioInputVIewModel.swift in Sources */ = {isa = PBXBuildFile; fileRef = C957BBA02A028DDC006649A8 /* AudioInputVIewModel.swift */; };
		C9C7BC822A021F1F005E473B /* AudioVisualizerView.swift in Sources */ = {isa = PBXBuildFile; fileRef = C9C7BC812A021F1F005E473B /* AudioVisualizerView.swift */; };
		C9F1C3232A10BABD002B9C9C /* SettingView.swift in Sources */ = {isa = PBXBuildFile; fileRef = C9F1C3222A10BABD002B9C9C /* SettingView.swift */; };
/* End PBXBuildFile section */

/* Begin PBXFileReference section */
		601CCC4C2A08D53F005B02C7 /* Date+.swift */ = {isa = PBXFileReference; lastKnownFileType = sourcecode.swift; path = "Date+.swift"; sourceTree = "<group>"; };
		6072D0E42A053E93005583FC /* Interview.swift */ = {isa = PBXFileReference; lastKnownFileType = sourcecode.swift; path = Interview.swift; sourceTree = "<group>"; };
		6072D0E62A0542E6005583FC /* InterviewRecordingEndTestView.swift */ = {isa = PBXFileReference; lastKnownFileType = sourcecode.swift; path = InterviewRecordingEndTestView.swift; sourceTree = "<group>"; };
		6072D0F32A05E513005583FC /* InterviewDetail.swift */ = {isa = PBXFileReference; lastKnownFileType = sourcecode.swift; path = InterviewDetail.swift; sourceTree = "<group>"; };
		608D9D6B2A013AF0001E8E3C /* InterviewRecordingTestView.swift */ = {isa = PBXFileReference; lastKnownFileType = sourcecode.swift; path = InterviewRecordingTestView.swift; sourceTree = "<group>"; };
		608D9D6F2A014BEE001E8E3C /* VoiceViewModel.swift */ = {isa = PBXFileReference; lastKnownFileType = sourcecode.swift; path = VoiceViewModel.swift; sourceTree = "<group>"; };
		608D9D7C2A01F673001E8E3C /* InterviewDetailTestView.swift */ = {isa = PBXFileReference; lastKnownFileType = sourcecode.swift; path = InterviewDetailTestView.swift; sourceTree = "<group>"; };
		608D9D7E2A022F5E001E8E3C /* MainTestView.swift */ = {isa = PBXFileReference; lastKnownFileType = sourcecode.swift; path = MainTestView.swift; sourceTree = "<group>"; };
		608D9D802A026014001E8E3C /* Info.plist */ = {isa = PBXFileReference; lastKnownFileType = text.plist; path = Info.plist; sourceTree = "<group>"; };
		60D01A312A120EDC00CE3E0A /* UserDefaults+.swift */ = {isa = PBXFileReference; lastKnownFileType = sourcecode.swift; path = "UserDefaults+.swift"; sourceTree = "<group>"; };
		60D579AF2A0E17C60006D884 /* PermissionManager.swift */ = {isa = PBXFileReference; fileEncoding = 4; lastKnownFileType = sourcecode.swift; path = PermissionManager.swift; sourceTree = "<group>"; };
		60F0BC112A0E859600B6B539 /* InterviewRecordingScriptView.swift */ = {isa = PBXFileReference; lastKnownFileType = sourcecode.swift; path = InterviewRecordingScriptView.swift; sourceTree = "<group>"; };
		7E32860F2A121524005843C7 /* InterviewListViewModel.swift */ = {isa = PBXFileReference; lastKnownFileType = sourcecode.swift; path = InterviewListViewModel.swift; sourceTree = "<group>"; };
		7E3286112A125888005843C7 /* Array+AppStorage.swift */ = {isa = PBXFileReference; lastKnownFileType = sourcecode.swift; path = "Array+AppStorage.swift"; sourceTree = "<group>"; };
		7E392C782A0E092A00130338 /* InterviewBubbleManager.swift */ = {isa = PBXFileReference; lastKnownFileType = sourcecode.swift; path = InterviewBubbleManager.swift; sourceTree = "<group>"; };
		7E392C7A2A0E283C00130338 /* Array+SafeIndex.swift */ = {isa = PBXFileReference; lastKnownFileType = sourcecode.swift; path = "Array+SafeIndex.swift"; sourceTree = "<group>"; };
		7E3B3E592A0A0D6700DCA93A /* InterviewDetailView.swift */ = {isa = PBXFileReference; lastKnownFileType = sourcecode.swift; path = InterviewDetailView.swift; sourceTree = "<group>"; };
		7E6E395C2A03A16C0073CDD0 /* InterviewDetailEditModalView.swift */ = {isa = PBXFileReference; lastKnownFileType = sourcecode.swift; path = InterviewDetailEditModalView.swift; sourceTree = "<group>"; };
		7E6E395E2A03A28D0073CDD0 /* InterviewDetailChatEditModalView.swift */ = {isa = PBXFileReference; lastKnownFileType = sourcecode.swift; path = InterviewDetailChatEditModalView.swift; sourceTree = "<group>"; };
		7E74F30A2A0CDB4700D03AF3 /* RoutingManager.swift */ = {isa = PBXFileReference; lastKnownFileType = sourcecode.swift; path = RoutingManager.swift; sourceTree = "<group>"; };
		7E7796AE2A14A8E00037610E /* InterviewListView.swift */ = {isa = PBXFileReference; fileEncoding = 4; lastKnownFileType = sourcecode.swift; path = InterviewListView.swift; sourceTree = "<group>"; };
		7EC865E62A0501810041B31A /* Constants.swift */ = {isa = PBXFileReference; lastKnownFileType = sourcecode.swift; path = Constants.swift; sourceTree = "<group>"; };
		7EC865E92A05044C0041B31A /* View+DismissKeyboard.swift */ = {isa = PBXFileReference; lastKnownFileType = sourcecode.swift; path = "View+DismissKeyboard.swift"; sourceTree = "<group>"; };
		7EC865EB2A050A2C0041B31A /* Color+.swift */ = {isa = PBXFileReference; lastKnownFileType = sourcecode.swift; path = "Color+.swift"; sourceTree = "<group>"; };
		7EC9A2972A0A398A004D14A1 /* BlurBackground.swift */ = {isa = PBXFileReference; lastKnownFileType = sourcecode.swift; path = BlurBackground.swift; sourceTree = "<group>"; };
		7EDEB0B92A011B4B00176D72 /* Pressor.app */ = {isa = PBXFileReference; explicitFileType = wrapper.application; includeInIndex = 0; path = Pressor.app; sourceTree = BUILT_PRODUCTS_DIR; };
		7EDEB0BC2A011B4B00176D72 /* PressorApp.swift */ = {isa = PBXFileReference; lastKnownFileType = sourcecode.swift; path = PressorApp.swift; sourceTree = "<group>"; };
		7EDEB0BE2A011B4B00176D72 /* ContentView.swift */ = {isa = PBXFileReference; lastKnownFileType = sourcecode.swift; path = ContentView.swift; sourceTree = "<group>"; };
		7EDEB0C02A011B4C00176D72 /* Assets.xcassets */ = {isa = PBXFileReference; lastKnownFileType = folder.assetcatalog; path = Assets.xcassets; sourceTree = "<group>"; };
		7EDEB0C32A011B4C00176D72 /* Preview Assets.xcassets */ = {isa = PBXFileReference; lastKnownFileType = folder.assetcatalog; path = "Preview Assets.xcassets"; sourceTree = "<group>"; };
		7EDEB0D02A011DD100176D72 /* MainRecordView.swift */ = {isa = PBXFileReference; lastKnownFileType = sourcecode.swift; path = MainRecordView.swift; sourceTree = "<group>"; };
		7EDEB0D22A011DE800176D72 /* AddRecordScriptModalView.swift */ = {isa = PBXFileReference; lastKnownFileType = sourcecode.swift; path = AddRecordScriptModalView.swift; sourceTree = "<group>"; };
		7EDEB0D42A011DF600176D72 /* MainInterviewList.swift */ = {isa = PBXFileReference; lastKnownFileType = sourcecode.swift; path = MainInterviewList.swift; sourceTree = "<group>"; };
		7EDEB0D62A011E0E00176D72 /* RecordBubble.swift */ = {isa = PBXFileReference; lastKnownFileType = sourcecode.swift; path = RecordBubble.swift; sourceTree = "<group>"; };
		7EDEB0D82A011E1500176D72 /* Record.swift */ = {isa = PBXFileReference; lastKnownFileType = sourcecode.swift; path = Record.swift; sourceTree = "<group>"; };
		7EDEB0DA2A011E2A00176D72 /* RecordViewModel.swift */ = {isa = PBXFileReference; lastKnownFileType = sourcecode.swift; path = RecordViewModel.swift; sourceTree = "<group>"; };
		7EF625AC2A1533B200D16214 /* ToggleStyle.swift */ = {isa = PBXFileReference; lastKnownFileType = sourcecode.swift; path = ToggleStyle.swift; sourceTree = "<group>"; };
		C9089BEF2A0E7E9A00AE57DC /* AddScriptView.swift */ = {isa = PBXFileReference; lastKnownFileType = sourcecode.swift; path = AddScriptView.swift; sourceTree = "<group>"; };
		C9089BF12A0E7EA500AE57DC /* EditScriptView.swift */ = {isa = PBXFileReference; lastKnownFileType = sourcecode.swift; path = EditScriptView.swift; sourceTree = "<group>"; };
		C918E6DF2A09CC720074BAF0 /* AddScriptModalView.swift */ = {isa = PBXFileReference; lastKnownFileType = sourcecode.swift; path = AddScriptModalView.swift; sourceTree = "<group>"; };
		C91E4D302A0A545800E5F983 /* InterviewViewModel.swift */ = {isa = PBXFileReference; lastKnownFileType = sourcecode.swift; path = InterviewViewModel.swift; sourceTree = "<group>"; };
		C91E4D322A0A8CAE00E5F983 /* InterviewScriptTestView.swift */ = {isa = PBXFileReference; lastKnownFileType = sourcecode.swift; path = InterviewScriptTestView.swift; sourceTree = "<group>"; };
		C91E4D382A0A979F00E5F983 /* EditInterviewScriptTestView.swift */ = {isa = PBXFileReference; lastKnownFileType = sourcecode.swift; path = EditInterviewScriptTestView.swift; sourceTree = "<group>"; };
		C91E4D3A2A0B746300E5F983 /* InterviewScriptModel.swift */ = {isa = PBXFileReference; lastKnownFileType = sourcecode.swift; path = InterviewScriptModel.swift; sourceTree = "<group>"; };
		C9478BB82A0EA0100041604F /* CheckScriptView.swift */ = {isa = PBXFileReference; lastKnownFileType = sourcecode.swift; path = CheckScriptView.swift; sourceTree = "<group>"; };
		C957BB9E2A027D05006649A8 /* InterviewRecordingView.swift */ = {isa = PBXFileReference; lastKnownFileType = sourcecode.swift; path = InterviewRecordingView.swift; sourceTree = "<group>"; };
		C957BBA02A028DDC006649A8 /* AudioInputVIewModel.swift */ = {isa = PBXFileReference; lastKnownFileType = sourcecode.swift; path = AudioInputVIewModel.swift; sourceTree = "<group>"; };
		C9C7BC812A021F1F005E473B /* AudioVisualizerView.swift */ = {isa = PBXFileReference; lastKnownFileType = sourcecode.swift; path = AudioVisualizerView.swift; sourceTree = "<group>"; };
		C9F1C3222A10BABD002B9C9C /* SettingView.swift */ = {isa = PBXFileReference; lastKnownFileType = sourcecode.swift; path = SettingView.swift; sourceTree = "<group>"; };
/* End PBXFileReference section */

/* Begin PBXFrameworksBuildPhase section */
		7EDEB0B62A011B4B00176D72 /* Frameworks */ = {
			isa = PBXFrameworksBuildPhase;
			buildActionMask = 2147483647;
			files = (
			);
			runOnlyForDeploymentPostprocessing = 0;
		};
/* End PBXFrameworksBuildPhase section */

/* Begin PBXGroup section */
		601CCC4A2A08CE49005B02C7 /* TestViews */ = {
			isa = PBXGroup;
			children = (
				608D9D6B2A013AF0001E8E3C /* InterviewRecordingTestView.swift */,
				608D9D7C2A01F673001E8E3C /* InterviewDetailTestView.swift */,
				6072D0E62A0542E6005583FC /* InterviewRecordingEndTestView.swift */,
				608D9D7E2A022F5E001E8E3C /* MainTestView.swift */,
				C91E4D322A0A8CAE00E5F983 /* InterviewScriptTestView.swift */,
				C91E4D382A0A979F00E5F983 /* EditInterviewScriptTestView.swift */,
			);
			path = TestViews;
			sourceTree = "<group>";
		};
		7E6E395B2A03A15C0073CDD0 /* InterviewModals */ = {
			isa = PBXGroup;
			children = (
				7E6E395C2A03A16C0073CDD0 /* InterviewDetailEditModalView.swift */,
				7E6E395E2A03A28D0073CDD0 /* InterviewDetailChatEditModalView.swift */,
			);
			path = InterviewModals;
			sourceTree = "<group>";
		};
		7EC865E82A05043C0041B31A /* Extensions */ = {
			isa = PBXGroup;
			children = (
				7EC865E92A05044C0041B31A /* View+DismissKeyboard.swift */,
				7EC865EB2A050A2C0041B31A /* Color+.swift */,
				601CCC4C2A08D53F005B02C7 /* Date+.swift */,
				7EC9A2972A0A398A004D14A1 /* BlurBackground.swift */,
				7E392C7A2A0E283C00130338 /* Array+SafeIndex.swift */,
				7E3286112A125888005843C7 /* Array+AppStorage.swift */,
				60D01A312A120EDC00CE3E0A /* UserDefaults+.swift */,
			);
			path = Extensions;
			sourceTree = "<group>";
		};
		7EDEB0B02A011B4B00176D72 = {
			isa = PBXGroup;
			children = (
				7EDEB0BB2A011B4B00176D72 /* Pressor */,
				7EDEB0BA2A011B4B00176D72 /* Products */,
			);
			sourceTree = "<group>";
		};
		7EDEB0BA2A011B4B00176D72 /* Products */ = {
			isa = PBXGroup;
			children = (
				7EDEB0B92A011B4B00176D72 /* Pressor.app */,
			);
			name = Products;
			sourceTree = "<group>";
		};
		7EDEB0BB2A011B4B00176D72 /* Pressor */ = {
			isa = PBXGroup;
			children = (
				608D9D802A026014001E8E3C /* Info.plist */,
				7EDEB0BC2A011B4B00176D72 /* PressorApp.swift */,
				7EDEB0CD2A011B5B00176D72 /* Resources */,
				7EDEB0CC2A011B5800176D72 /* Models */,
				7EDEB0CB2A011B5400176D72 /* ViewModels */,
				7EDEB0CA2A011B5000176D72 /* Views */,
				7EDEB0C02A011B4C00176D72 /* Assets.xcassets */,
				7EDEB0C22A011B4C00176D72 /* Preview Content */,
			);
			path = Pressor;
			sourceTree = "<group>";
		};
		7EDEB0C22A011B4C00176D72 /* Preview Content */ = {
			isa = PBXGroup;
			children = (
				7EDEB0C32A011B4C00176D72 /* Preview Assets.xcassets */,
			);
			path = "Preview Content";
			sourceTree = "<group>";
		};
		7EDEB0CA2A011B5000176D72 /* Views */ = {
			isa = PBXGroup;
			children = (
				601CCC4A2A08CE49005B02C7 /* TestViews */,
				7EDEB0CF2A011DBC00176D72 /* InterviewViews */,
				7EDEB0CE2A011DB700176D72 /* RecordViews */,
				7EDEB0BE2A011B4B00176D72 /* ContentView.swift */,
			);
			path = Views;
			sourceTree = "<group>";
		};
		7EDEB0CB2A011B5400176D72 /* ViewModels */ = {
			isa = PBXGroup;
			children = (
				7EDEB0DA2A011E2A00176D72 /* RecordViewModel.swift */,
				C957BBA02A028DDC006649A8 /* AudioInputVIewModel.swift */,
				608D9D6F2A014BEE001E8E3C /* VoiceViewModel.swift */,
				C91E4D302A0A545800E5F983 /* InterviewViewModel.swift */,
				7E74F30A2A0CDB4700D03AF3 /* RoutingManager.swift */,
				7E392C782A0E092A00130338 /* InterviewBubbleManager.swift */,
				60D579AF2A0E17C60006D884 /* PermissionManager.swift */,
				7E32860F2A121524005843C7 /* InterviewListViewModel.swift */,
			);
			path = ViewModels;
			sourceTree = "<group>";
		};
		7EDEB0CC2A011B5800176D72 /* Models */ = {
			isa = PBXGroup;
			children = (
				7EDEB0D82A011E1500176D72 /* Record.swift */,
				6072D0E42A053E93005583FC /* Interview.swift */,
				6072D0F32A05E513005583FC /* InterviewDetail.swift */,
				C91E4D3A2A0B746300E5F983 /* InterviewScriptModel.swift */,
			);
			path = Models;
			sourceTree = "<group>";
		};
		7EDEB0CD2A011B5B00176D72 /* Resources */ = {
			isa = PBXGroup;
			children = (
				7EC865E82A05043C0041B31A /* Extensions */,
				7EDEB0D62A011E0E00176D72 /* RecordBubble.swift */,
				7EC865E62A0501810041B31A /* Constants.swift */,
				7EF625AC2A1533B200D16214 /* ToggleStyle.swift */,
			);
			path = Resources;
			sourceTree = "<group>";
		};
		7EDEB0CE2A011DB700176D72 /* RecordViews */ = {
			isa = PBXGroup;
			children = (
				7EDEB0D02A011DD100176D72 /* MainRecordView.swift */,
				7EDEB0D22A011DE800176D72 /* AddRecordScriptModalView.swift */,
				C9C7BC812A021F1F005E473B /* AudioVisualizerView.swift */,
				C918E6DF2A09CC720074BAF0 /* AddScriptModalView.swift */,
				C9089BEF2A0E7E9A00AE57DC /* AddScriptView.swift */,
				C9089BF12A0E7EA500AE57DC /* EditScriptView.swift */,
				C9478BB82A0EA0100041604F /* CheckScriptView.swift */,
				C9F1C3222A10BABD002B9C9C /* SettingView.swift */,
			);
			path = RecordViews;
			sourceTree = "<group>";
		};
		7EDEB0CF2A011DBC00176D72 /* InterviewViews */ = {
			isa = PBXGroup;
			children = (
				7E6E395B2A03A15C0073CDD0 /* InterviewModals */,
				7EDEB0D42A011DF600176D72 /* MainInterviewList.swift */,
				7E3B3E592A0A0D6700DCA93A /* InterviewDetailView.swift */,
				C957BB9E2A027D05006649A8 /* InterviewRecordingView.swift */,
				60F0BC112A0E859600B6B539 /* InterviewRecordingScriptView.swift */,
				7E7796AE2A14A8E00037610E /* InterviewListView.swift */,
			);
			path = InterviewViews;
			sourceTree = "<group>";
		};
/* End PBXGroup section */

/* Begin PBXNativeTarget section */
		7EDEB0B82A011B4B00176D72 /* Pressor */ = {
			isa = PBXNativeTarget;
			buildConfigurationList = 7EDEB0C72A011B4C00176D72 /* Build configuration list for PBXNativeTarget "Pressor" */;
			buildPhases = (
				7EDEB0B52A011B4B00176D72 /* Sources */,
				7EDEB0B62A011B4B00176D72 /* Frameworks */,
				7EDEB0B72A011B4B00176D72 /* Resources */,
			);
			buildRules = (
			);
			dependencies = (
			);
			name = Pressor;
			productName = Pressor;
			productReference = 7EDEB0B92A011B4B00176D72 /* Pressor.app */;
			productType = "com.apple.product-type.application";
		};
/* End PBXNativeTarget section */

/* Begin PBXProject section */
		7EDEB0B12A011B4B00176D72 /* Project object */ = {
			isa = PBXProject;
			attributes = {
				BuildIndependentTargetsInParallel = 1;
				LastSwiftUpdateCheck = 1420;
				LastUpgradeCheck = 1420;
				TargetAttributes = {
					7EDEB0B82A011B4B00176D72 = {
						CreatedOnToolsVersion = 14.2;
					};
				};
			};
			buildConfigurationList = 7EDEB0B42A011B4B00176D72 /* Build configuration list for PBXProject "Pressor" */;
			compatibilityVersion = "Xcode 14.0";
			developmentRegion = en;
			hasScannedForEncodings = 0;
			knownRegions = (
				en,
				Base,
			);
			mainGroup = 7EDEB0B02A011B4B00176D72;
			productRefGroup = 7EDEB0BA2A011B4B00176D72 /* Products */;
			projectDirPath = "";
			projectRoot = "";
			targets = (
				7EDEB0B82A011B4B00176D72 /* Pressor */,
			);
		};
/* End PBXProject section */

/* Begin PBXResourcesBuildPhase section */
		7EDEB0B72A011B4B00176D72 /* Resources */ = {
			isa = PBXResourcesBuildPhase;
			buildActionMask = 2147483647;
			files = (
				7EDEB0C42A011B4C00176D72 /* Preview Assets.xcassets in Resources */,
				7EDEB0C12A011B4C00176D72 /* Assets.xcassets in Resources */,
			);
			runOnlyForDeploymentPostprocessing = 0;
		};
/* End PBXResourcesBuildPhase section */

/* Begin PBXSourcesBuildPhase section */
		7EDEB0B52A011B4B00176D72 /* Sources */ = {
			isa = PBXSourcesBuildPhase;
			buildActionMask = 2147483647;
			files = (
				C957BBA12A028DDC006649A8 /* AudioInputVIewModel.swift in Sources */,
				7EC865EA2A05044C0041B31A /* View+DismissKeyboard.swift in Sources */,
				7E74F30B2A0CDB4700D03AF3 /* RoutingManager.swift in Sources */,
				C9F1C3232A10BABD002B9C9C /* SettingView.swift in Sources */,
				7EDEB0BF2A011B4B00176D72 /* ContentView.swift in Sources */,
				7E7796AF2A14A8E00037610E /* InterviewListView.swift in Sources */,
				608D9D7F2A022F5E001E8E3C /* MainTestView.swift in Sources */,
				C918E6E02A09CC720074BAF0 /* AddScriptModalView.swift in Sources */,
				608D9D6C2A013AF0001E8E3C /* InterviewRecordingTestView.swift in Sources */,
				7E3286122A125888005843C7 /* Array+AppStorage.swift in Sources */,
				7EC9A2982A0A398A004D14A1 /* BlurBackground.swift in Sources */,
				7EDEB0D12A011DD100176D72 /* MainRecordView.swift in Sources */,
				7EDEB0D32A011DE800176D72 /* AddRecordScriptModalView.swift in Sources */,
				60F0BC122A0E859600B6B539 /* InterviewRecordingScriptView.swift in Sources */,
				7EDEB0DB2A011E2A00176D72 /* RecordViewModel.swift in Sources */,
				6072D0E72A0542E6005583FC /* InterviewRecordingEndTestView.swift in Sources */,
				C9478BB92A0EA0100041604F /* CheckScriptView.swift in Sources */,
				7EDEB0BD2A011B4B00176D72 /* PressorApp.swift in Sources */,
				7EDEB0D92A011E1500176D72 /* Record.swift in Sources */,
				6072D0F42A05E513005583FC /* InterviewDetail.swift in Sources */,
				7EC865E72A0501810041B31A /* Constants.swift in Sources */,
				C9089BF02A0E7E9A00AE57DC /* AddScriptView.swift in Sources */,
				7EDEB0D12A011DD100176D72 /* MainRecordView.swift in Sources */,
				7E392C7B2A0E283C00130338 /* Array+SafeIndex.swift in Sources */,
				7EDEB0D32A011DE800176D72 /* AddRecordScriptModalView.swift in Sources */,
				C9C7BC822A021F1F005E473B /* AudioVisualizerView.swift in Sources */,
				C9089BF22A0E7EA500AE57DC /* EditScriptView.swift in Sources */,
				7E392C792A0E092A00130338 /* InterviewBubbleManager.swift in Sources */,
				7EDEB0DB2A011E2A00176D72 /* RecordViewModel.swift in Sources */,
				7E6E395D2A03A16C0073CDD0 /* InterviewDetailEditModalView.swift in Sources */,
				C91E4D392A0A979F00E5F983 /* EditInterviewScriptTestView.swift in Sources */,
				7EF625AD2A1533B200D16214 /* ToggleStyle.swift in Sources */,
				7EDEB0BD2A011B4B00176D72 /* PressorApp.swift in Sources */,
				7EDEB0D92A011E1500176D72 /* Record.swift in Sources */,
				C91E4D332A0A8CAE00E5F983 /* InterviewScriptTestView.swift in Sources */,
				7E6E395F2A03A28D0073CDD0 /* InterviewDetailChatEditModalView.swift in Sources */,
				7EC865EC2A050A2C0041B31A /* Color+.swift in Sources */,
				7E3B3E5A2A0A0D6700DCA93A /* InterviewDetailView.swift in Sources */,
				7EDEB0D72A011E0E00176D72 /* RecordBubble.swift in Sources */,
				C957BB9F2A027D05006649A8 /* InterviewRecordingView.swift in Sources */,
				608D9D702A014BEE001E8E3C /* VoiceViewModel.swift in Sources */,
				608D9D7D2A01F673001E8E3C /* InterviewDetailTestView.swift in Sources */,
				C91E4D312A0A545800E5F983 /* InterviewViewModel.swift in Sources */,
				60D579B02A0E17C60006D884 /* PermissionManager.swift in Sources */,
				60D01A322A120EDC00CE3E0A /* UserDefaults+.swift in Sources */,
				7EDEB0D52A011DF600176D72 /* MainInterviewList.swift in Sources */,
				7E3286102A121524005843C7 /* InterviewListViewModel.swift in Sources */,
				6072D0E52A053E93005583FC /* Interview.swift in Sources */,
				601CCC4D2A08D53F005B02C7 /* Date+.swift in Sources */,
				C91E4D3B2A0B746300E5F983 /* InterviewScriptModel.swift in Sources */,
			);
			runOnlyForDeploymentPostprocessing = 0;
		};
/* End PBXSourcesBuildPhase section */

/* Begin XCBuildConfiguration section */
		7EDEB0C52A011B4C00176D72 /* Debug */ = {
			isa = XCBuildConfiguration;
			buildSettings = {
				ALWAYS_SEARCH_USER_PATHS = NO;
				CLANG_ANALYZER_NONNULL = YES;
				CLANG_ANALYZER_NUMBER_OBJECT_CONVERSION = YES_AGGRESSIVE;
				CLANG_CXX_LANGUAGE_STANDARD = "gnu++20";
				CLANG_ENABLE_MODULES = YES;
				CLANG_ENABLE_OBJC_ARC = YES;
				CLANG_ENABLE_OBJC_WEAK = YES;
				CLANG_WARN_BLOCK_CAPTURE_AUTORELEASING = YES;
				CLANG_WARN_BOOL_CONVERSION = YES;
				CLANG_WARN_COMMA = YES;
				CLANG_WARN_CONSTANT_CONVERSION = YES;
				CLANG_WARN_DEPRECATED_OBJC_IMPLEMENTATIONS = YES;
				CLANG_WARN_DIRECT_OBJC_ISA_USAGE = YES_ERROR;
				CLANG_WARN_DOCUMENTATION_COMMENTS = YES;
				CLANG_WARN_EMPTY_BODY = YES;
				CLANG_WARN_ENUM_CONVERSION = YES;
				CLANG_WARN_INFINITE_RECURSION = YES;
				CLANG_WARN_INT_CONVERSION = YES;
				CLANG_WARN_NON_LITERAL_NULL_CONVERSION = YES;
				CLANG_WARN_OBJC_IMPLICIT_RETAIN_SELF = YES;
				CLANG_WARN_OBJC_LITERAL_CONVERSION = YES;
				CLANG_WARN_OBJC_ROOT_CLASS = YES_ERROR;
				CLANG_WARN_QUOTED_INCLUDE_IN_FRAMEWORK_HEADER = YES;
				CLANG_WARN_RANGE_LOOP_ANALYSIS = YES;
				CLANG_WARN_STRICT_PROTOTYPES = YES;
				CLANG_WARN_SUSPICIOUS_MOVE = YES;
				CLANG_WARN_UNGUARDED_AVAILABILITY = YES_AGGRESSIVE;
				CLANG_WARN_UNREACHABLE_CODE = YES;
				CLANG_WARN__DUPLICATE_METHOD_MATCH = YES;
				COPY_PHASE_STRIP = NO;
				DEBUG_INFORMATION_FORMAT = dwarf;
				ENABLE_STRICT_OBJC_MSGSEND = YES;
				ENABLE_TESTABILITY = YES;
				GCC_C_LANGUAGE_STANDARD = gnu11;
				GCC_DYNAMIC_NO_PIC = NO;
				GCC_NO_COMMON_BLOCKS = YES;
				GCC_OPTIMIZATION_LEVEL = 0;
				GCC_PREPROCESSOR_DEFINITIONS = (
					"DEBUG=1",
					"$(inherited)",
				);
				GCC_WARN_64_TO_32_BIT_CONVERSION = YES;
				GCC_WARN_ABOUT_RETURN_TYPE = YES_ERROR;
				GCC_WARN_UNDECLARED_SELECTOR = YES;
				GCC_WARN_UNINITIALIZED_AUTOS = YES_AGGRESSIVE;
				GCC_WARN_UNUSED_FUNCTION = YES;
				GCC_WARN_UNUSED_VARIABLE = YES;
				IPHONEOS_DEPLOYMENT_TARGET = 16.2;
				MTL_ENABLE_DEBUG_INFO = INCLUDE_SOURCE;
				MTL_FAST_MATH = YES;
				ONLY_ACTIVE_ARCH = YES;
				SDKROOT = iphoneos;
				SWIFT_ACTIVE_COMPILATION_CONDITIONS = DEBUG;
				SWIFT_OPTIMIZATION_LEVEL = "-Onone";
			};
			name = Debug;
		};
		7EDEB0C62A011B4C00176D72 /* Release */ = {
			isa = XCBuildConfiguration;
			buildSettings = {
				ALWAYS_SEARCH_USER_PATHS = NO;
				CLANG_ANALYZER_NONNULL = YES;
				CLANG_ANALYZER_NUMBER_OBJECT_CONVERSION = YES_AGGRESSIVE;
				CLANG_CXX_LANGUAGE_STANDARD = "gnu++20";
				CLANG_ENABLE_MODULES = YES;
				CLANG_ENABLE_OBJC_ARC = YES;
				CLANG_ENABLE_OBJC_WEAK = YES;
				CLANG_WARN_BLOCK_CAPTURE_AUTORELEASING = YES;
				CLANG_WARN_BOOL_CONVERSION = YES;
				CLANG_WARN_COMMA = YES;
				CLANG_WARN_CONSTANT_CONVERSION = YES;
				CLANG_WARN_DEPRECATED_OBJC_IMPLEMENTATIONS = YES;
				CLANG_WARN_DIRECT_OBJC_ISA_USAGE = YES_ERROR;
				CLANG_WARN_DOCUMENTATION_COMMENTS = YES;
				CLANG_WARN_EMPTY_BODY = YES;
				CLANG_WARN_ENUM_CONVERSION = YES;
				CLANG_WARN_INFINITE_RECURSION = YES;
				CLANG_WARN_INT_CONVERSION = YES;
				CLANG_WARN_NON_LITERAL_NULL_CONVERSION = YES;
				CLANG_WARN_OBJC_IMPLICIT_RETAIN_SELF = YES;
				CLANG_WARN_OBJC_LITERAL_CONVERSION = YES;
				CLANG_WARN_OBJC_ROOT_CLASS = YES_ERROR;
				CLANG_WARN_QUOTED_INCLUDE_IN_FRAMEWORK_HEADER = YES;
				CLANG_WARN_RANGE_LOOP_ANALYSIS = YES;
				CLANG_WARN_STRICT_PROTOTYPES = YES;
				CLANG_WARN_SUSPICIOUS_MOVE = YES;
				CLANG_WARN_UNGUARDED_AVAILABILITY = YES_AGGRESSIVE;
				CLANG_WARN_UNREACHABLE_CODE = YES;
				CLANG_WARN__DUPLICATE_METHOD_MATCH = YES;
				COPY_PHASE_STRIP = NO;
				DEBUG_INFORMATION_FORMAT = "dwarf-with-dsym";
				ENABLE_NS_ASSERTIONS = NO;
				ENABLE_STRICT_OBJC_MSGSEND = YES;
				GCC_C_LANGUAGE_STANDARD = gnu11;
				GCC_NO_COMMON_BLOCKS = YES;
				GCC_WARN_64_TO_32_BIT_CONVERSION = YES;
				GCC_WARN_ABOUT_RETURN_TYPE = YES_ERROR;
				GCC_WARN_UNDECLARED_SELECTOR = YES;
				GCC_WARN_UNINITIALIZED_AUTOS = YES_AGGRESSIVE;
				GCC_WARN_UNUSED_FUNCTION = YES;
				GCC_WARN_UNUSED_VARIABLE = YES;
				IPHONEOS_DEPLOYMENT_TARGET = 16.2;
				MTL_ENABLE_DEBUG_INFO = NO;
				MTL_FAST_MATH = YES;
				SDKROOT = iphoneos;
				SWIFT_COMPILATION_MODE = wholemodule;
				SWIFT_OPTIMIZATION_LEVEL = "-O";
				VALIDATE_PRODUCT = YES;
			};
			name = Release;
		};
		7EDEB0C82A011B4C00176D72 /* Debug */ = {
			isa = XCBuildConfiguration;
			buildSettings = {
				ASSETCATALOG_COMPILER_APPICON_NAME = AppIcon;
				ASSETCATALOG_COMPILER_GLOBAL_ACCENT_COLOR_NAME = AccentColor;
				CODE_SIGN_STYLE = Automatic;
				CURRENT_PROJECT_VERSION = 1;
				DEVELOPMENT_ASSET_PATHS = "\"Pressor/Preview Content\"";
				DEVELOPMENT_TEAM = 3NP4Z3WZ94;
				ENABLE_PREVIEWS = YES;
				GENERATE_INFOPLIST_FILE = YES;
				INFOPLIST_FILE = Pressor/Info.plist;
				INFOPLIST_KEY_LSApplicationCategoryType = "public.app-category.utilities";
				INFOPLIST_KEY_NSMicrophoneUsageDescription = "";
				INFOPLIST_KEY_NSSpeechRecognitionUsageDescription = "";
				INFOPLIST_KEY_UIApplicationSceneManifest_Generation = YES;
				INFOPLIST_KEY_UIApplicationSupportsIndirectInputEvents = YES;
				INFOPLIST_KEY_UILaunchScreen_Generation = YES;
				INFOPLIST_KEY_UISupportedInterfaceOrientations_iPad = "UIInterfaceOrientationPortrait UIInterfaceOrientationPortraitUpsideDown UIInterfaceOrientationLandscapeLeft UIInterfaceOrientationLandscapeRight";
				INFOPLIST_KEY_UISupportedInterfaceOrientations_iPhone = "UIInterfaceOrientationPortrait UIInterfaceOrientationLandscapeLeft UIInterfaceOrientationLandscapeRight";
				INFOPLIST_KEY_UIUserInterfaceStyle = Light;
				IPHONEOS_DEPLOYMENT_TARGET = 16.1;
				LD_RUNPATH_SEARCH_PATHS = (
					"$(inherited)",
					"@executable_path/Frameworks",
				);
				MARKETING_VERSION = 1.0;
				PRODUCT_BUNDLE_IDENTIFIER = com.wan.Pressor;
				PRODUCT_NAME = "$(TARGET_NAME)";
				SWIFT_EMIT_LOC_STRINGS = YES;
				SWIFT_VERSION = 5.0;
				TARGETED_DEVICE_FAMILY = "1,2";
			};
			name = Debug;
		};
		7EDEB0C92A011B4C00176D72 /* Release */ = {
			isa = XCBuildConfiguration;
			buildSettings = {
				ASSETCATALOG_COMPILER_APPICON_NAME = AppIcon;
				ASSETCATALOG_COMPILER_GLOBAL_ACCENT_COLOR_NAME = AccentColor;
				CODE_SIGN_STYLE = Automatic;
				CURRENT_PROJECT_VERSION = 1;
				DEVELOPMENT_ASSET_PATHS = "\"Pressor/Preview Content\"";
				DEVELOPMENT_TEAM = 3NP4Z3WZ94;
				ENABLE_PREVIEWS = YES;
				GENERATE_INFOPLIST_FILE = YES;
				INFOPLIST_FILE = Pressor/Info.plist;
				INFOPLIST_KEY_LSApplicationCategoryType = "public.app-category.utilities";
				INFOPLIST_KEY_NSMicrophoneUsageDescription = "";
				INFOPLIST_KEY_NSSpeechRecognitionUsageDescription = "";
				INFOPLIST_KEY_UIApplicationSceneManifest_Generation = YES;
				INFOPLIST_KEY_UIApplicationSupportsIndirectInputEvents = YES;
				INFOPLIST_KEY_UILaunchScreen_Generation = YES;
				INFOPLIST_KEY_UISupportedInterfaceOrientations_iPad = "UIInterfaceOrientationPortrait UIInterfaceOrientationPortraitUpsideDown UIInterfaceOrientationLandscapeLeft UIInterfaceOrientationLandscapeRight";
				INFOPLIST_KEY_UISupportedInterfaceOrientations_iPhone = "UIInterfaceOrientationPortrait UIInterfaceOrientationLandscapeLeft UIInterfaceOrientationLandscapeRight";
				INFOPLIST_KEY_UIUserInterfaceStyle = Light;
				IPHONEOS_DEPLOYMENT_TARGET = 16.1;
				LD_RUNPATH_SEARCH_PATHS = (
					"$(inherited)",
					"@executable_path/Frameworks",
				);
				MARKETING_VERSION = 1.0;
				PRODUCT_BUNDLE_IDENTIFIER = com.wan.Pressor;
				PRODUCT_NAME = "$(TARGET_NAME)";
				SWIFT_EMIT_LOC_STRINGS = YES;
				SWIFT_VERSION = 5.0;
				TARGETED_DEVICE_FAMILY = "1,2";
			};
			name = Release;
		};
/* End XCBuildConfiguration section */

/* Begin XCConfigurationList section */
		7EDEB0B42A011B4B00176D72 /* Build configuration list for PBXProject "Pressor" */ = {
			isa = XCConfigurationList;
			buildConfigurations = (
				7EDEB0C52A011B4C00176D72 /* Debug */,
				7EDEB0C62A011B4C00176D72 /* Release */,
			);
			defaultConfigurationIsVisible = 0;
			defaultConfigurationName = Release;
		};
		7EDEB0C72A011B4C00176D72 /* Build configuration list for PBXNativeTarget "Pressor" */ = {
			isa = XCConfigurationList;
			buildConfigurations = (
				7EDEB0C82A011B4C00176D72 /* Debug */,
				7EDEB0C92A011B4C00176D72 /* Release */,
			);
			defaultConfigurationIsVisible = 0;
			defaultConfigurationName = Release;
		};
/* End XCConfigurationList section */
	};
	rootObject = 7EDEB0B12A011B4B00176D72 /* Project object */;
}
